
Microsoft Visual Studio Solution File, Format Version 12.00
# Visual Studio Version 17
VisualStudioVersion = 17.14.37314.3 d17.14
MinimumVisualStudioVersion = 10.0.40219.1
Project("{FAE04EC0-301F-11D3-BF4B-00C04F79EFBC}") = "ServiceRush", "ServiceRush.csproj", "{CCBCC7C7-A490-F609-AA3B-BA9D79C74E8F}"
EndProject
Global
	GlobalSection(SolutionConfigurationPlatforms) = preSolution
		Debug|Any CPU = Debug|Any CPU
		Release|Any CPU = Release|Any CPU
	EndGlobalSection
	GlobalSection(ProjectConfigurationPlatforms) = postSolution
		{CCBCC7C7-A490-F609-AA3B-BA9D79C74E8F}.Debug|Any CPU.ActiveCfg = Debug|Any CPU
		{CCBCC7C7-A490-F609-AA3B-BA9D79C74E8F}.Debug|Any CPU.Build.0 = Debug|Any CPU
		{CCBCC7C7-A490-F609-AA3B-BA9D79C74E8F}.Release|Any CPU.ActiveCfg = Release|Any CPU
		{CCBCC7C7-A490-F609-AA3B-BA9D79C74E8F}.Release|Any CPU.Build.0 = Release|Any CPU
	EndGlobalSection
	GlobalSection(SolutionProperties) = preSolution
		HideSolutionNode = FALSE
	EndGlobalSection
	GlobalSection(ExtensibilityGlobals) = postSolution
		SolutionGuid = {C5E488E2-83D3-493D-8488-D5487E1B82BB}
	EndGlobalSection
EndGlobal
